// !$*UTF8*$!
{
	archiveVersion = 1;
	classes = {
	};
	objectVersion = 50;
	objects = {

/* Begin PBXBuildFile section */
		2345BCA723305FAF00D75429 /* AppDelegate.swift in Sources */ = {isa = PBXBuildFile; fileRef = 2345BCA623305FAF00D75429 /* AppDelegate.swift */; };
		2345BCA923305FAF00D75429 /* SearchNewsVC.swift in Sources */ = {isa = PBXBuildFile; fileRef = 2345BCA823305FAF00D75429 /* SearchNewsVC.swift */; };
		2345BCAC23305FAF00D75429 /* Main.storyboard in Resources */ = {isa = PBXBuildFile; fileRef = 2345BCAA23305FAF00D75429 /* Main.storyboard */; };
		2345BCAE23305FB000D75429 /* Assets.xcassets in Resources */ = {isa = PBXBuildFile; fileRef = 2345BCAD23305FB000D75429 /* Assets.xcassets */; };
		2345BCB123305FB000D75429 /* LaunchScreen.storyboard in Resources */ = {isa = PBXBuildFile; fileRef = 2345BCAF23305FB000D75429 /* LaunchScreen.storyboard */; };
		236FDB2723306C6500564905 /* DataResponseError.swift in Sources */ = {isa = PBXBuildFile; fileRef = 236FDB2623306C6500564905 /* DataResponseError.swift */; };
		236FDB2923306C7300564905 /* HTTPURLResponse.swift in Sources */ = {isa = PBXBuildFile; fileRef = 236FDB2823306C7300564905 /* HTTPURLResponse.swift */; };
		236FDB2B23306CA100564905 /* NewsArticleRequest.swift in Sources */ = {isa = PBXBuildFile; fileRef = 236FDB2A23306CA100564905 /* NewsArticleRequest.swift */; };
		236FDB2D23306CB500564905 /* ResponseResult.swift in Sources */ = {isa = PBXBuildFile; fileRef = 236FDB2C23306CB500564905 /* ResponseResult.swift */; };
		236FDB2F23306CCC00564905 /* URLRequest.swift in Sources */ = {isa = PBXBuildFile; fileRef = 236FDB2E23306CCC00564905 /* URLRequest.swift */; };
		236FDB3123306CE400564905 /* SearchNewsArticleClient.swift in Sources */ = {isa = PBXBuildFile; fileRef = 236FDB3023306CE400564905 /* SearchNewsArticleClient.swift */; };
		236FDB3423306D0800564905 /* NewsArticleResponse.swift in Sources */ = {isa = PBXBuildFile; fileRef = 236FDB3323306D0800564905 /* NewsArticleResponse.swift */; };
		236FDB3623306DEB00564905 /* Response.swift in Sources */ = {isa = PBXBuildFile; fileRef = 236FDB3523306DEB00564905 /* Response.swift */; };
		236FDB3823306E1100564905 /* Doc.swift in Sources */ = {isa = PBXBuildFile; fileRef = 236FDB3723306E1100564905 /* Doc.swift */; };
		236FDB3A23306E4100564905 /* Headline.swift in Sources */ = {isa = PBXBuildFile; fileRef = 236FDB3923306E4100564905 /* Headline.swift */; };
		236FDB3C23306E5F00564905 /* Multimedia.swift in Sources */ = {isa = PBXBuildFile; fileRef = 236FDB3B23306E5F00564905 /* Multimedia.swift */; };
		236FDB3E23306E7400564905 /* Meta.swift in Sources */ = {isa = PBXBuildFile; fileRef = 236FDB3D23306E7400564905 /* Meta.swift */; };
		236FDB41233070C700564905 /* NewsArticleViewModels.swift in Sources */ = {isa = PBXBuildFile; fileRef = 236FDB40233070C700564905 /* NewsArticleViewModels.swift */; };
		236FDB432330713000564905 /* NewsCell.swift in Sources */ = {isa = PBXBuildFile; fileRef = 236FDB422330713000564905 /* NewsCell.swift */; };
		236FDB4523307BE900564905 /* NewsArticleDetailVC.swift in Sources */ = {isa = PBXBuildFile; fileRef = 236FDB4423307BE900564905 /* NewsArticleDetailVC.swift */; };
/* End PBXBuildFile section */

/* Begin PBXFileReference section */
		2345BCA323305FAF00D75429 /* NYTNews.app */ = {isa = PBXFileReference; explicitFileType = wrapper.application; includeInIndex = 0; path = NYTNews.app; sourceTree = BUILT_PRODUCTS_DIR; };
		2345BCA623305FAF00D75429 /* AppDelegate.swift */ = {isa = PBXFileReference; lastKnownFileType = sourcecode.swift; path = AppDelegate.swift; sourceTree = "<group>"; };
		2345BCA823305FAF00D75429 /* SearchNewsVC.swift */ = {isa = PBXFileReference; lastKnownFileType = sourcecode.swift; path = SearchNewsVC.swift; sourceTree = "<group>"; };
		2345BCAB23305FAF00D75429 /* Base */ = {isa = PBXFileReference; lastKnownFileType = file.storyboard; name = Base; path = Base.lproj/Main.storyboard; sourceTree = "<group>"; };
		2345BCAD23305FB000D75429 /* Assets.xcassets */ = {isa = PBXFileReference; lastKnownFileType = folder.assetcatalog; path = Assets.xcassets; sourceTree = "<group>"; };
		2345BCB023305FB000D75429 /* Base */ = {isa = PBXFileReference; lastKnownFileType = file.storyboard; name = Base; path = Base.lproj/LaunchScreen.storyboard; sourceTree = "<group>"; };
		2345BCB223305FB000D75429 /* Info.plist */ = {isa = PBXFileReference; lastKnownFileType = text.plist.xml; path = Info.plist; sourceTree = "<group>"; };
		236FDB2623306C6500564905 /* DataResponseError.swift */ = {isa = PBXFileReference; lastKnownFileType = sourcecode.swift; path = DataResponseError.swift; sourceTree = "<group>"; };
		236FDB2823306C7300564905 /* HTTPURLResponse.swift */ = {isa = PBXFileReference; lastKnownFileType = sourcecode.swift; path = HTTPURLResponse.swift; sourceTree = "<group>"; };
		236FDB2A23306CA100564905 /* NewsArticleRequest.swift */ = {isa = PBXFileReference; lastKnownFileType = sourcecode.swift; path = NewsArticleRequest.swift; sourceTree = "<group>"; };
		236FDB2C23306CB500564905 /* ResponseResult.swift */ = {isa = PBXFileReference; lastKnownFileType = sourcecode.swift; path = ResponseResult.swift; sourceTree = "<group>"; };
		236FDB2E23306CCC00564905 /* URLRequest.swift */ = {isa = PBXFileReference; lastKnownFileType = sourcecode.swift; path = URLRequest.swift; sourceTree = "<group>"; };
		236FDB3023306CE400564905 /* SearchNewsArticleClient.swift */ = {isa = PBXFileReference; lastKnownFileType = sourcecode.swift; path = SearchNewsArticleClient.swift; sourceTree = "<group>"; };
		236FDB3323306D0800564905 /* NewsArticleResponse.swift */ = {isa = PBXFileReference; lastKnownFileType = sourcecode.swift; path = NewsArticleResponse.swift; sourceTree = "<group>"; };
		236FDB3523306DEB00564905 /* Response.swift */ = {isa = PBXFileReference; lastKnownFileType = sourcecode.swift; path = Response.swift; sourceTree = "<group>"; };
		236FDB3723306E1100564905 /* Doc.swift */ = {isa = PBXFileReference; lastKnownFileType = sourcecode.swift; path = Doc.swift; sourceTree = "<group>"; };
		236FDB3923306E4100564905 /* Headline.swift */ = {isa = PBXFileReference; lastKnownFileType = sourcecode.swift; path = Headline.swift; sourceTree = "<group>"; };
		236FDB3B23306E5F00564905 /* Multimedia.swift */ = {isa = PBXFileReference; lastKnownFileType = sourcecode.swift; path = Multimedia.swift; sourceTree = "<group>"; };
		236FDB3D23306E7400564905 /* Meta.swift */ = {isa = PBXFileReference; lastKnownFileType = sourcecode.swift; path = Meta.swift; sourceTree = "<group>"; };
		236FDB40233070C700564905 /* NewsArticleViewModels.swift */ = {isa = PBXFileReference; lastKnownFileType = sourcecode.swift; path = NewsArticleViewModels.swift; sourceTree = "<group>"; };
		236FDB422330713000564905 /* NewsCell.swift */ = {isa = PBXFileReference; lastKnownFileType = sourcecode.swift; path = NewsCell.swift; sourceTree = "<group>"; };
		236FDB4423307BE900564905 /* NewsArticleDetailVC.swift */ = {isa = PBXFileReference; lastKnownFileType = sourcecode.swift; path = NewsArticleDetailVC.swift; sourceTree = "<group>"; };
/* End PBXFileReference section */

/* Begin PBXFrameworksBuildPhase section */
		2345BCA023305FAF00D75429 /* Frameworks */ = {
			isa = PBXFrameworksBuildPhase;
			buildActionMask = 2147483647;
			files = (
			);
			runOnlyForDeploymentPostprocessing = 0;
		};
/* End PBXFrameworksBuildPhase section */

/* Begin PBXGroup section */
		2345BC9A23305FAF00D75429 = {
			isa = PBXGroup;
			children = (
				2345BCA523305FAF00D75429 /* NYTNews */,
				2345BCA423305FAF00D75429 /* Products */,
			);
			sourceTree = "<group>";
		};
		2345BCA423305FAF00D75429 /* Products */ = {
			isa = PBXGroup;
			children = (
				2345BCA323305FAF00D75429 /* NYTNews.app */,
			);
			name = Products;
			sourceTree = "<group>";
		};
		2345BCA523305FAF00D75429 /* NYTNews */ = {
			isa = PBXGroup;
			children = (
				2345BCA623305FAF00D75429 /* AppDelegate.swift */,
				2345BCBB2330605100D75429 /* Controllers */,
				2345BCBA2330603400D75429 /* Resources */,
				236FDB2523306C4700564905 /* ServiceCalls */,
				2345BCB823305FFF00D75429 /* Support Files */,
				236FDB3F233070AE00564905 /* ViewModels */,
				2345BCBC2330606400D75429 /* Views */,
			);
			path = NYTNews;
			sourceTree = "<group>";
		};
		2345BCB823305FFF00D75429 /* Support Files */ = {
			isa = PBXGroup;
			children = (
				2345BCB223305FB000D75429 /* Info.plist */,
			);
			name = "Support Files";
			sourceTree = "<group>";
		};
		2345BCBA2330603400D75429 /* Resources */ = {
			isa = PBXGroup;
			children = (
				2345BCAD23305FB000D75429 /* Assets.xcassets */,
				2345BCAF23305FB000D75429 /* LaunchScreen.storyboard */,
			);
			path = Resources;
			sourceTree = "<group>";
		};
		2345BCBB2330605100D75429 /* Controllers */ = {
			isa = PBXGroup;
			children = (
				2345BCA823305FAF00D75429 /* SearchNewsVC.swift */,
				236FDB4423307BE900564905 /* NewsArticleDetailVC.swift */,
			);
			path = Controllers;
			sourceTree = "<group>";
		};
		2345BCBC2330606400D75429 /* Views */ = {
			isa = PBXGroup;
			children = (
				2345BCAA23305FAF00D75429 /* Main.storyboard */,
				236FDB422330713000564905 /* NewsCell.swift */,
			);
			path = Views;
			sourceTree = "<group>";
		};
		236FDB2523306C4700564905 /* ServiceCalls */ = {
			isa = PBXGroup;
			children = (
				236FDB3223306CF100564905 /* Models */,
				236FDB2623306C6500564905 /* DataResponseError.swift */,
				236FDB2823306C7300564905 /* HTTPURLResponse.swift */,
				236FDB2A23306CA100564905 /* NewsArticleRequest.swift */,
				236FDB2C23306CB500564905 /* ResponseResult.swift */,
				236FDB2E23306CCC00564905 /* URLRequest.swift */,
				236FDB3023306CE400564905 /* SearchNewsArticleClient.swift */,
			);
			path = ServiceCalls;
			sourceTree = "<group>";
		};
		236FDB3223306CF100564905 /* Models */ = {
			isa = PBXGroup;
			children = (
				236FDB3323306D0800564905 /* NewsArticleResponse.swift */,
				236FDB3523306DEB00564905 /* Response.swift */,
				236FDB3723306E1100564905 /* Doc.swift */,
				236FDB3923306E4100564905 /* Headline.swift */,
				236FDB3B23306E5F00564905 /* Multimedia.swift */,
				236FDB3D23306E7400564905 /* Meta.swift */,
			);
			path = Models;
			sourceTree = "<group>";
		};
		236FDB3F233070AE00564905 /* ViewModels */ = {
			isa = PBXGroup;
			children = (
				236FDB40233070C700564905 /* NewsArticleViewModels.swift */,
			);
			path = ViewModels;
			sourceTree = "<group>";
		};
/* End PBXGroup section */

/* Begin PBXNativeTarget section */
		2345BCA223305FAF00D75429 /* NYTNews */ = {
			isa = PBXNativeTarget;
			buildConfigurationList = 2345BCB523305FB000D75429 /* Build configuration list for PBXNativeTarget "NYTNews" */;
			buildPhases = (
				2345BC9F23305FAF00D75429 /* Sources */,
				2345BCA023305FAF00D75429 /* Frameworks */,
				2345BCA123305FAF00D75429 /* Resources */,
			);
			buildRules = (
			);
			dependencies = (
			);
			name = NYTNews;
			productName = NYTNews;
			productReference = 2345BCA323305FAF00D75429 /* NYTNews.app */;
			productType = "com.apple.product-type.application";
		};
/* End PBXNativeTarget section */

/* Begin PBXProject section */
		2345BC9B23305FAF00D75429 /* Project object */ = {
			isa = PBXProject;
			attributes = {
				LastSwiftUpdateCheck = 1030;
				LastUpgradeCheck = 1030;
				ORGANIZATIONNAME = "Soriyany keo";
				TargetAttributes = {
					2345BCA223305FAF00D75429 = {
						CreatedOnToolsVersion = 10.3;
					};
				};
			};
			buildConfigurationList = 2345BC9E23305FAF00D75429 /* Build configuration list for PBXProject "NYTNews" */;
			compatibilityVersion = "Xcode 9.3";
			developmentRegion = en;
			hasScannedForEncodings = 0;
			knownRegions = (
				en,
				Base,
			);
			mainGroup = 2345BC9A23305FAF00D75429;
			productRefGroup = 2345BCA423305FAF00D75429 /* Products */;
			projectDirPath = "";
			projectRoot = "";
			targets = (
				2345BCA223305FAF00D75429 /* NYTNews */,
			);
		};
/* End PBXProject section */

/* Begin PBXResourcesBuildPhase section */
		2345BCA123305FAF00D75429 /* Resources */ = {
			isa = PBXResourcesBuildPhase;
			buildActionMask = 2147483647;
			files = (
				2345BCB123305FB000D75429 /* LaunchScreen.storyboard in Resources */,
				2345BCAE23305FB000D75429 /* Assets.xcassets in Resources */,
				2345BCAC23305FAF00D75429 /* Main.storyboard in Resources */,
			);
			runOnlyForDeploymentPostprocessing = 0;
		};
/* End PBXResourcesBuildPhase section */

/* Begin PBXSourcesBuildPhase section */
		2345BC9F23305FAF00D75429 /* Sources */ = {
			isa = PBXSourcesBuildPhase;
			buildActionMask = 2147483647;
			files = (
				236FDB2D23306CB500564905 /* ResponseResult.swift in Sources */,
				236FDB2F23306CCC00564905 /* URLRequest.swift in Sources */,
				236FDB3823306E1100564905 /* Doc.swift in Sources */,
				236FDB2723306C6500564905 /* DataResponseError.swift in Sources */,
				236FDB3123306CE400564905 /* SearchNewsArticleClient.swift in Sources */,
				236FDB3623306DEB00564905 /* Response.swift in Sources */,
				236FDB432330713000564905 /* NewsCell.swift in Sources */,
				236FDB3423306D0800564905 /* NewsArticleResponse.swift in Sources */,
				236FDB4523307BE900564905 /* NewsArticleDetailVC.swift in Sources */,
				2345BCA923305FAF00D75429 /* SearchNewsVC.swift in Sources */,
				236FDB3C23306E5F00564905 /* Multimedia.swift in Sources */,
				236FDB2B23306CA100564905 /* NewsArticleRequest.swift in Sources */,
				236FDB41233070C700564905 /* NewsArticleViewModels.swift in Sources */,
				236FDB2923306C7300564905 /* HTTPURLResponse.swift in Sources */,
				2345BCA723305FAF00D75429 /* AppDelegate.swift in Sources */,
				236FDB3E23306E7400564905 /* Meta.swift in Sources */,
				236FDB3A23306E4100564905 /* Headline.swift in Sources */,
			);
			runOnlyForDeploymentPostprocessing = 0;
		};
/* End PBXSourcesBuildPhase section */

/* Begin PBXVariantGroup section */
		2345BCAA23305FAF00D75429 /* Main.storyboard */ = {
			isa = PBXVariantGroup;
			children = (
				2345BCAB23305FAF00D75429 /* Base */,
			);
			name = Main.storyboard;
			sourceTree = "<group>";
		};
		2345BCAF23305FB000D75429 /* LaunchScreen.storyboard */ = {
			isa = PBXVariantGroup;
			children = (
				2345BCB023305FB000D75429 /* Base */,
			);
			name = LaunchScreen.storyboard;
			sourceTree = "<group>";
		};
/* End PBXVariantGroup section */

/* Begin XCBuildConfiguration section */
		2345BCB323305FB000D75429 /* Debug */ = {
			isa = XCBuildConfiguration;
			buildSettings = {
				ALWAYS_SEARCH_USER_PATHS = NO;
				CLANG_ANALYZER_NONNULL = YES;
				CLANG_ANALYZER_NUMBER_OBJECT_CONVERSION = YES_AGGRESSIVE;
				CLANG_CXX_LANGUAGE_STANDARD = "gnu++14";
				CLANG_CXX_LIBRARY = "libc++";
				CLANG_ENABLE_MODULES = YES;
				CLANG_ENABLE_OBJC_ARC = YES;
				CLANG_ENABLE_OBJC_WEAK = YES;
				CLANG_WARN_BLOCK_CAPTURE_AUTORELEASING = YES;
				CLANG_WARN_BOOL_CONVERSION = YES;
				CLANG_WARN_COMMA = YES;
				CLANG_WARN_CONSTANT_CONVERSION = YES;
				CLANG_WARN_DEPRECATED_OBJC_IMPLEMENTATIONS = YES;
				CLANG_WARN_DIRECT_OBJC_ISA_USAGE = YES_ERROR;
				CLANG_WARN_DOCUMENTATION_COMMENTS = YES;
				CLANG_WARN_EMPTY_BODY = YES;
				CLANG_WARN_ENUM_CONVERSION = YES;
				CLANG_WARN_INFINITE_RECURSION = YES;
				CLANG_WARN_INT_CONVERSION = YES;
				CLANG_WARN_NON_LITERAL_NULL_CONVERSION = YES;
				CLANG_WARN_OBJC_IMPLICIT_RETAIN_SELF = YES;
				CLANG_WARN_OBJC_LITERAL_CONVERSION = YES;
				CLANG_WARN_OBJC_ROOT_CLASS = YES_ERROR;
				CLANG_WARN_RANGE_LOOP_ANALYSIS = YES;
				CLANG_WARN_STRICT_PROTOTYPES = YES;
				CLANG_WARN_SUSPICIOUS_MOVE = YES;
				CLANG_WARN_UNGUARDED_AVAILABILITY = YES_AGGRESSIVE;
				CLANG_WARN_UNREACHABLE_CODE = YES;
				CLANG_WARN__DUPLICATE_METHOD_MATCH = YES;
				CODE_SIGN_IDENTITY = "iPhone Developer";
				COPY_PHASE_STRIP = NO;
				DEBUG_INFORMATION_FORMAT = dwarf;
				ENABLE_STRICT_OBJC_MSGSEND = YES;
				ENABLE_TESTABILITY = YES;
				GCC_C_LANGUAGE_STANDARD = gnu11;
				GCC_DYNAMIC_NO_PIC = NO;
				GCC_NO_COMMON_BLOCKS = YES;
				GCC_OPTIMIZATION_LEVEL = 0;
				GCC_PREPROCESSOR_DEFINITIONS = (
					"DEBUG=1",
					"$(inherited)",
				);
				GCC_WARN_64_TO_32_BIT_CONVERSION = YES;
				GCC_WARN_ABOUT_RETURN_TYPE = YES_ERROR;
				GCC_WARN_UNDECLARED_SELECTOR = YES;
				GCC_WARN_UNINITIALIZED_AUTOS = YES_AGGRESSIVE;
				GCC_WARN_UNUSED_FUNCTION = YES;
				GCC_WARN_UNUSED_VARIABLE = YES;
				IPHONEOS_DEPLOYMENT_TARGET = 12.4;
				MTL_ENABLE_DEBUG_INFO = INCLUDE_SOURCE;
				MTL_FAST_MATH = YES;
				ONLY_ACTIVE_ARCH = YES;
				SDKROOT = iphoneos;
				SWIFT_ACTIVE_COMPILATION_CONDITIONS = DEBUG;
				SWIFT_OPTIMIZATION_LEVEL = "-Onone";
			};
			name = Debug;
		};
		2345BCB423305FB000D75429 /* Release */ = {
			isa = XCBuildConfiguration;
			buildSettings = {
				ALWAYS_SEARCH_USER_PATHS = NO;
				CLANG_ANALYZER_NONNULL = YES;
				CLANG_ANALYZER_NUMBER_OBJECT_CONVERSION = YES_AGGRESSIVE;
				CLANG_CXX_LANGUAGE_STANDARD = "gnu++14";
				CLANG_CXX_LIBRARY = "libc++";
				CLANG_ENABLE_MODULES = YES;
				CLANG_ENABLE_OBJC_ARC = YES;
				CLANG_ENABLE_OBJC_WEAK = YES;
				CLANG_WARN_BLOCK_CAPTURE_AUTORELEASING = YES;
				CLANG_WARN_BOOL_CONVERSION = YES;
				CLANG_WARN_COMMA = YES;
				CLANG_WARN_CONSTANT_CONVERSION = YES;
				CLANG_WARN_DEPRECATED_OBJC_IMPLEMENTATIONS = YES;
				CLANG_WARN_DIRECT_OBJC_ISA_USAGE = YES_ERROR;
				CLANG_WARN_DOCUMENTATION_COMMENTS = YES;
				CLANG_WARN_EMPTY_BODY = YES;
				CLANG_WARN_ENUM_CONVERSION = YES;
				CLANG_WARN_INFINITE_RECURSION = YES;
				CLANG_WARN_INT_CONVERSION = YES;
				CLANG_WARN_NON_LITERAL_NULL_CONVERSION = YES;
				CLANG_WARN_OBJC_IMPLICIT_RETAIN_SELF = YES;
				CLANG_WARN_OBJC_LITERAL_CONVERSION = YES;
				CLANG_WARN_OBJC_ROOT_CLASS = YES_ERROR;
				CLANG_WARN_RANGE_LOOP_ANALYSIS = YES;
				CLANG_WARN_STRICT_PROTOTYPES = YES;
				CLANG_WARN_SUSPICIOUS_MOVE = YES;
				CLANG_WARN_UNGUARDED_AVAILABILITY = YES_AGGRESSIVE;
				CLANG_WARN_UNREACHABLE_CODE = YES;
				CLANG_WARN__DUPLICATE_METHOD_MATCH = YES;
				CODE_SIGN_IDENTITY = "iPhone Developer";
				COPY_PHASE_STRIP = NO;
				DEBUG_INFORMATION_FORMAT = "dwarf-with-dsym";
				ENABLE_NS_ASSERTIONS = NO;
				ENABLE_STRICT_OBJC_MSGSEND = YES;
				GCC_C_LANGUAGE_STANDARD = gnu11;
				GCC_NO_COMMON_BLOCKS = YES;
				GCC_WARN_64_TO_32_BIT_CONVERSION = YES;
				GCC_WARN_ABOUT_RETURN_TYPE = YES_ERROR;
				GCC_WARN_UNDECLARED_SELECTOR = YES;
				GCC_WARN_UNINITIALIZED_AUTOS = YES_AGGRESSIVE;
				GCC_WARN_UNUSED_FUNCTION = YES;
				GCC_WARN_UNUSED_VARIABLE = YES;
				IPHONEOS_DEPLOYMENT_TARGET = 12.4;
				MTL_ENABLE_DEBUG_INFO = NO;
				MTL_FAST_MATH = YES;
				SDKROOT = iphoneos;
				SWIFT_COMPILATION_MODE = wholemodule;
				SWIFT_OPTIMIZATION_LEVEL = "-O";
				VALIDATE_PRODUCT = YES;
			};
			name = Release;
		};
		2345BCB623305FB000D75429 /* Debug */ = {
			isa = XCBuildConfiguration;
			buildSettings = {
				ASSETCATALOG_COMPILER_APPICON_NAME = AppIcon;
				CODE_SIGN_STYLE = Automatic;
				INFOPLIST_FILE = NYTNews/Info.plist;
				LD_RUNPATH_SEARCH_PATHS = (
					"$(inherited)",
					"@executable_path/Frameworks",
				);
				PRODUCT_BUNDLE_IDENTIFIER = com.sk.NYTNews;
				PRODUCT_NAME = "$(TARGET_NAME)";
				SWIFT_VERSION = 5.0;
				TARGETED_DEVICE_FAMILY = "1,2";
			};
			name = Debug;
		};
		2345BCB723305FB000D75429 /* Release */ = {
			isa = XCBuildConfiguration;
			buildSettings = {
				ASSETCATALOG_COMPILER_APPICON_NAME = AppIcon;
				CODE_SIGN_STYLE = Automatic;
				INFOPLIST_FILE = NYTNews/Info.plist;
				LD_RUNPATH_SEARCH_PATHS = (
					"$(inherited)",
					"@executable_path/Frameworks",
				);
				PRODUCT_BUNDLE_IDENTIFIER = com.sk.NYTNews;
				PRODUCT_NAME = "$(TARGET_NAME)";
				SWIFT_VERSION = 5.0;
				TARGETED_DEVICE_FAMILY = "1,2";
			};
			name = Release;
		};
/* End XCBuildConfiguration section */

/* Begin XCConfigurationList section */
		2345BC9E23305FAF00D75429 /* Build configuration list for PBXProject "NYTNews" */ = {
			isa = XCConfigurationList;
			buildConfigurations = (
				2345BCB323305FB000D75429 /* Debug */,
				2345BCB423305FB000D75429 /* Release */,
			);
			defaultConfigurationIsVisible = 0;
			defaultConfigurationName = Release;
		};
		2345BCB523305FB000D75429 /* Build configuration list for PBXNativeTarget "NYTNews" */ = {
			isa = XCConfigurationList;
			buildConfigurations = (
				2345BCB623305FB000D75429 /* Debug */,
				2345BCB723305FB000D75429 /* Release */,
			);
			defaultConfigurationIsVisible = 0;
			defaultConfigurationName = Release;
		};
/* End XCConfigurationList section */
	};
	rootObject = 2345BC9B23305FAF00D75429 /* Project object */;
}
